
Microsoft Visual Studio Solution File, Format Version 12.00
Project("{FAE04EC0-301F-11D3-BF4B-00C04F79EFBC}") = "LilCloudClientConsole", "LilCloudClientConsole\LilCloudClientConsole.csproj", "{75FF162C-FA0A-4408-801F-86E08FDAECF1}"
EndProject
Project("{FAE04EC0-301F-11D3-BF4B-00C04F79EFBC}") = "LilCloudDesktop", "LilCloudDesktop\LilCloudDesktop.csproj", "{3D7B2261-45C0-4E42-A898-18B34F439586}"
EndProject
Project("{FAE04EC0-301F-11D3-BF4B-00C04F79EFBC}") = "LilCloudServerConsole", "LilCloudServerConsole\LilCloudServerConsole.csproj", "{DD088F40-30CA-464C-9D85-F5457DE37C9F}"
EndProject
Global
	GlobalSection(SolutionConfigurationPlatforms) = preSolution
		Debug|Any CPU = Debug|Any CPU
		Release|Any CPU = Release|Any CPU
	EndGlobalSection
	GlobalSection(ProjectConfigurationPlatforms) = postSolution
		{75FF162C-FA0A-4408-801F-86E08FDAECF1}.Debug|Any CPU.ActiveCfg = Debug|Any CPU
		{75FF162C-FA0A-4408-801F-86E08FDAECF1}.Debug|Any CPU.Build.0 = Debug|Any CPU
		{75FF162C-FA0A-4408-801F-86E08FDAECF1}.Release|Any CPU.ActiveCfg = Release|Any CPU
		{75FF162C-FA0A-4408-801F-86E08FDAECF1}.Release|Any CPU.Build.0 = Release|Any CPU
		{3D7B2261-45C0-4E42-A898-18B34F439586}.Debug|Any CPU.ActiveCfg = Debug|Any CPU
		{3D7B2261-45C0-4E42-A898-18B34F439586}.Debug|Any CPU.Build.0 = Debug|Any CPU
		{3D7B2261-45C0-4E42-A898-18B34F439586}.Release|Any CPU.ActiveCfg = Release|Any CPU
		{3D7B2261-45C0-4E42-A898-18B34F439586}.Release|Any CPU.Build.0 = Release|Any CPU
		{DD088F40-30CA-464C-9D85-F5457DE37C9F}.Debug|Any CPU.ActiveCfg = Debug|Any CPU
		{DD088F40-30CA-464C-9D85-F5457DE37C9F}.Debug|Any CPU.Build.0 = Debug|Any CPU
		{DD088F40-30CA-464C-9D85-F5457DE37C9F}.Release|Any CPU.ActiveCfg = Release|Any CPU
		{DD088F40-30CA-464C-9D85-F5457DE37C9F}.Release|Any CPU.Build.0 = Release|Any CPU
	EndGlobalSection
EndGlobal
