
Microsoft Visual Studio Solution File, Format Version 12.00
# Visual Studio Version 17
VisualStudioVersion = 17.14.36327.8 d17.14
MinimumVisualStudioVersion = 10.0.40219.1
Project("{FAE04EC0-301F-11D3-BF4B-00C04F79EFBC}") = "LilCloudServerConsole", "LilCloudServerConsole.csproj", "{73C09029-A53D-40EA-81D2-6071256DFD02}"
EndProject
Project("{FAE04EC0-301F-11D3-BF4B-00C04F79EFBC}") = "LilCloudClientConsole", "..\LilCloudClientConsole\LilCloudClientConsole.csproj", "{00694431-A098-421A-9FCC-4BFF45AFF4C6}"
EndProject
Project("{FAE04EC0-301F-11D3-BF4B-00C04F79EFBC}") = "LilCloudDesktop", "..\LilCloudDesktop\LilCloudDesktop.csproj", "{0D119E99-60D8-4A39-900B-73B2E5902EF9}"
EndProject
Global
	GlobalSection(SolutionConfigurationPlatforms) = preSolution
		Debug|Any CPU = Debug|Any CPU
		Release|Any CPU = Release|Any CPU
	EndGlobalSection
	GlobalSection(ProjectConfigurationPlatforms) = postSolution
		{73C09029-A53D-40EA-81D2-6071256DFD02}.Debug|Any CPU.ActiveCfg = Debug|Any CPU
		{73C09029-A53D-40EA-81D2-6071256DFD02}.Debug|Any CPU.Build.0 = Debug|Any CPU
		{73C09029-A53D-40EA-81D2-6071256DFD02}.Release|Any CPU.ActiveCfg = Release|Any CPU
		{73C09029-A53D-40EA-81D2-6071256DFD02}.Release|Any CPU.Build.0 = Release|Any CPU
		{00694431-A098-421A-9FCC-4BFF45AFF4C6}.Debug|Any CPU.ActiveCfg = Debug|Any CPU
		{00694431-A098-421A-9FCC-4BFF45AFF4C6}.Debug|Any CPU.Build.0 = Debug|Any CPU
		{00694431-A098-421A-9FCC-4BFF45AFF4C6}.Release|Any CPU.ActiveCfg = Release|Any CPU
		{00694431-A098-421A-9FCC-4BFF45AFF4C6}.Release|Any CPU.Build.0 = Release|Any CPU
		{0D119E99-60D8-4A39-900B-73B2E5902EF9}.Debug|Any CPU.ActiveCfg = Debug|Any CPU
		{0D119E99-60D8-4A39-900B-73B2E5902EF9}.Debug|Any CPU.Build.0 = Debug|Any CPU
		{0D119E99-60D8-4A39-900B-73B2E5902EF9}.Release|Any CPU.ActiveCfg = Release|Any CPU
		{0D119E99-60D8-4A39-900B-73B2E5902EF9}.Release|Any CPU.Build.0 = Release|Any CPU
	EndGlobalSection
	GlobalSection(SolutionProperties) = preSolution
		HideSolutionNode = FALSE
	EndGlobalSection
	GlobalSection(ExtensibilityGlobals) = postSolution
		SolutionGuid = {2C49CD89-E196-4CFC-AE49-9B3DFA681E45}
	EndGlobalSection
EndGlobal
